
Microsoft Visual Studio Solution File, Format Version 12.00
# Visual Studio Version 16
VisualStudioVersion = 16.0.29102.190
MinimumVisualStudioVersion = 10.0.40219.1
Project("{FAE04EC0-301F-11D3-BF4B-00C04F79EFBC}") = "VP_labtask_1", "VP_labtask_1\VP_labtask_1.csproj", "{6824A8BA-EAE0-48C4-BDD8-182B4DA9B071}"
EndProject
Global
	GlobalSection(SolutionConfigurationPlatforms) = preSolution
		Debug|Any CPU = Debug|Any CPU
		Release|Any CPU = Release|Any CPU
	EndGlobalSection
	GlobalSection(ProjectConfigurationPlatforms) = postSolution
		{6824A8BA-EAE0-48C4-BDD8-182B4DA9B071}.Debug|Any CPU.ActiveCfg = Debug|Any CPU
		{6824A8BA-EAE0-48C4-BDD8-182B4DA9B071}.Debug|Any CPU.Build.0 = Debug|Any CPU
		{6824A8BA-EAE0-48C4-BDD8-182B4DA9B071}.Release|Any CPU.ActiveCfg = Release|Any CPU
		{6824A8BA-EAE0-48C4-BDD8-182B4DA9B071}.Release|Any CPU.Build.0 = Release|Any CPU
	EndGlobalSection
	GlobalSection(SolutionProperties) = preSolution
		HideSolutionNode = FALSE
	EndGlobalSection
	GlobalSection(ExtensibilityGlobals) = postSolution
		SolutionGuid = {8562801C-DBE0-47BC-B97C-4D0840A3C4EE}
	EndGlobalSection
EndGlobal
